github.com/erikbryant/web v0.11.0 h1:IVmAOZJVUc8X6//mTt1NQ0v/93g8KJOBZXB4qNa9FPU=
github.com/erikbryant/web v0.11.0/go.mod h1:eD+MzF4VyIbza7EmrhLmhT2mYZL2q3QBwP997+rPEQQ=
golang.org/x/oauth2 v0.36.0 h1:peZ/1z27fi9hUOFCAZaHyrpWG5lwe0RJEEEeH0ThlIs=
golang.org/x/oauth2 v0.36.0/go.mod h1:YDBUJMTkDnJS+A4BP4eZBjCqtokkg1hODuPjwiGPO7Q=
