filippo.io/edwards25519 v1.1.0 h1:FNf4tywRC1HmFuKW5xopWpigGjJKiJSV0Cqo0cJWDaA=
filippo.io/edwards25519 v1.1.0/go.mod h1:BxyFTGdWcka3PhytdK4V28tE5sGfRvvvRV7EaN4VDT4=
github.com/erikbryant/aes v0.3.0 h1:Ap4KGrn9yaaiOticxf1MD2KBKKvJKiy45QEc1ng814k=
github.com/erikbryant/aes v0.3.0/go.mod h1:u+FeFwr15zM2pTGJGCEPjZKZgESvNLrNnInKR9N83zE=
github.com/erikbryant/web v0.8.0 h1:2AKBweydq8P6Xu6hOakK7QXTKQHVPORoWj5rV9NOvVI=
github.com/erikbryant/web v0.8.0/go.mod h1:2RmWHCj2fNhQHSt8VO5e91EBf2flEBGGxQTiYhROcBo=
github.com/erikbryant/wowdb v0.1.0 h1:i3R+K3MK/7D2i2xjtbg6pvsycjxgLt1CP4HtOqrIaXw=
github.com/erikbryant/wowdb v0.1.0/go.mod h1:aebUdqWHO521Wyc3c4jNYz56M6TZybNRXGfHsiXl5eM=
github.com/go-sql-driver/mysql v1.5.0/go.mod h1:DCzpHaOWr8IXmIStZouvnhqoel9Qv2LBy8hT2VhHyBg=
github.com/go-sql-driver/mysql v1.8.0 h1:UtktXaU2Nb64z/pLiGIxY4431SJ4/dR5cjMmlVHgnT4=
github.com/go-sql-driver/mysql v1.8.0/go.mod h1:wEBSXgmK//2ZFJyE+qWnIsVGmvmEKlqwuVSjsCm7DZg=
